
Microsoft Visual Studio Solution File, Format Version 12.00
# Visual Studio Version 16
VisualStudioVersion = 16.0.30225.117
MinimumVisualStudioVersion = 10.0.40219.1
Project("{2150E333-8FDC-42A3-9474-1A3956D46DE8}") = "src", "src", "{E625D2C2-FB0D-479E-958E-7EFB0AC90708}"
EndProject
Project("{2150E333-8FDC-42A3-9474-1A3956D46DE8}") = "Services", "Services", "{DB2459E0-51D7-4940-B619-23692662A69A}"
EndProject
Project("{2150E333-8FDC-42A3-9474-1A3956D46DE8}") = "Workspace", "Workspace", "{8C3A0484-B496-42B6-BDB9-3E5DE72AAC21}"
EndProject
Project("{2150E333-8FDC-42A3-9474-1A3956D46DE8}") = "src", "src", "{89015379-22BF-47A9-BDF9-D9810499332A}"
EndProject
Project("{2150E333-8FDC-42A3-9474-1A3956D46DE8}") = "tests", "tests", "{C8EA2F23-34B2-44A1-B0EB-7A3E63104886}"
EndProject
Project("{9A19103F-16F7-4668-BE54-9A1E7A4F7556}") = "Core", "src\Services\Workspace\src\Core\Core.csproj", "{2E6C9E16-9CCF-444F-A330-DCB7DD5FD78A}"
EndProject
Project("{9A19103F-16F7-4668-BE54-9A1E7A4F7556}") = "Web", "src\Services\Workspace\src\Web\Web.csproj", "{4E4A7FCF-54C8-4129-9473-B5699A28D841}"
EndProject
Project("{9A19103F-16F7-4668-BE54-9A1E7A4F7556}") = "Infrastructure", "src\Services\Workspace\src\Infrastructure\Infrastructure.csproj", "{F7180A39-E1AF-458E-92F8-681CF909A362}"
EndProject
Project("{9A19103F-16F7-4668-BE54-9A1E7A4F7556}") = "Application", "src\Services\Workspace\src\Application\Application.csproj", "{6E6866BA-8472-4BC8-9131-DE9700E2A9E0}"
EndProject
Project("{9A19103F-16F7-4668-BE54-9A1E7A4F7556}") = "UnitTest", "src\Services\Workspace\tests\UnitTest\UnitTest.csproj", "{327BAA57-6895-40B6-97ED-4392F7D8FB4A}"
EndProject
Project("{9A19103F-16F7-4668-BE54-9A1E7A4F7556}") = "IntegrationTests", "src\Services\Workspace\tests\IntegrationTests\IntegrationTests.csproj", "{83B6FF69-3018-407C-84A5-C713D02E9DA2}"
EndProject
Global
	GlobalSection(SolutionConfigurationPlatforms) = preSolution
		Debug|Any CPU = Debug|Any CPU
		Release|Any CPU = Release|Any CPU
	EndGlobalSection
	GlobalSection(ProjectConfigurationPlatforms) = postSolution
		{2E6C9E16-9CCF-444F-A330-DCB7DD5FD78A}.Debug|Any CPU.ActiveCfg = Debug|Any CPU
		{2E6C9E16-9CCF-444F-A330-DCB7DD5FD78A}.Debug|Any CPU.Build.0 = Debug|Any CPU
		{2E6C9E16-9CCF-444F-A330-DCB7DD5FD78A}.Release|Any CPU.ActiveCfg = Release|Any CPU
		{2E6C9E16-9CCF-444F-A330-DCB7DD5FD78A}.Release|Any CPU.Build.0 = Release|Any CPU
		{4E4A7FCF-54C8-4129-9473-B5699A28D841}.Debug|Any CPU.ActiveCfg = Debug|Any CPU
		{4E4A7FCF-54C8-4129-9473-B5699A28D841}.Debug|Any CPU.Build.0 = Debug|Any CPU
		{4E4A7FCF-54C8-4129-9473-B5699A28D841}.Release|Any CPU.ActiveCfg = Release|Any CPU
		{4E4A7FCF-54C8-4129-9473-B5699A28D841}.Release|Any CPU.Build.0 = Release|Any CPU
		{F7180A39-E1AF-458E-92F8-681CF909A362}.Debug|Any CPU.ActiveCfg = Debug|Any CPU
		{F7180A39-E1AF-458E-92F8-681CF909A362}.Debug|Any CPU.Build.0 = Debug|Any CPU
		{F7180A39-E1AF-458E-92F8-681CF909A362}.Release|Any CPU.ActiveCfg = Release|Any CPU
		{F7180A39-E1AF-458E-92F8-681CF909A362}.Release|Any CPU.Build.0 = Release|Any CPU
		{6E6866BA-8472-4BC8-9131-DE9700E2A9E0}.Debug|Any CPU.ActiveCfg = Debug|Any CPU
		{6E6866BA-8472-4BC8-9131-DE9700E2A9E0}.Debug|Any CPU.Build.0 = Debug|Any CPU
		{6E6866BA-8472-4BC8-9131-DE9700E2A9E0}.Release|Any CPU.ActiveCfg = Release|Any CPU
		{6E6866BA-8472-4BC8-9131-DE9700E2A9E0}.Release|Any CPU.Build.0 = Release|Any CPU
		{327BAA57-6895-40B6-97ED-4392F7D8FB4A}.Debug|Any CPU.ActiveCfg = Debug|Any CPU
		{327BAA57-6895-40B6-97ED-4392F7D8FB4A}.Debug|Any CPU.Build.0 = Debug|Any CPU
		{327BAA57-6895-40B6-97ED-4392F7D8FB4A}.Release|Any CPU.ActiveCfg = Release|Any CPU
		{327BAA57-6895-40B6-97ED-4392F7D8FB4A}.Release|Any CPU.Build.0 = Release|Any CPU
		{83B6FF69-3018-407C-84A5-C713D02E9DA2}.Debug|Any CPU.ActiveCfg = Debug|Any CPU
		{83B6FF69-3018-407C-84A5-C713D02E9DA2}.Debug|Any CPU.Build.0 = Debug|Any CPU
		{83B6FF69-3018-407C-84A5-C713D02E9DA2}.Release|Any CPU.ActiveCfg = Release|Any CPU
		{83B6FF69-3018-407C-84A5-C713D02E9DA2}.Release|Any CPU.Build.0 = Release|Any CPU
	EndGlobalSection
	GlobalSection(SolutionProperties) = preSolution
		HideSolutionNode = FALSE
	EndGlobalSection
	GlobalSection(NestedProjects) = preSolution
		{DB2459E0-51D7-4940-B619-23692662A69A} = {E625D2C2-FB0D-479E-958E-7EFB0AC90708}
		{8C3A0484-B496-42B6-BDB9-3E5DE72AAC21} = {DB2459E0-51D7-4940-B619-23692662A69A}
		{89015379-22BF-47A9-BDF9-D9810499332A} = {8C3A0484-B496-42B6-BDB9-3E5DE72AAC21}
		{C8EA2F23-34B2-44A1-B0EB-7A3E63104886} = {8C3A0484-B496-42B6-BDB9-3E5DE72AAC21}
		{2E6C9E16-9CCF-444F-A330-DCB7DD5FD78A} = {89015379-22BF-47A9-BDF9-D9810499332A}
		{4E4A7FCF-54C8-4129-9473-B5699A28D841} = {89015379-22BF-47A9-BDF9-D9810499332A}
		{F7180A39-E1AF-458E-92F8-681CF909A362} = {89015379-22BF-47A9-BDF9-D9810499332A}
		{6E6866BA-8472-4BC8-9131-DE9700E2A9E0} = {89015379-22BF-47A9-BDF9-D9810499332A}
		{327BAA57-6895-40B6-97ED-4392F7D8FB4A} = {C8EA2F23-34B2-44A1-B0EB-7A3E63104886}
		{83B6FF69-3018-407C-84A5-C713D02E9DA2} = {C8EA2F23-34B2-44A1-B0EB-7A3E63104886}
	EndGlobalSection
	GlobalSection(ExtensibilityGlobals) = postSolution
		SolutionGuid = {D28A5166-2CEB-499A-B6D7-08D376993DFF}
	EndGlobalSection
EndGlobal
